{
  "originHash" : "36142d10800a813fcf4ad924fb6798323553687b4c1a1a3837bb0a6d0eca76eb",
  "pins" : [
    {
      "identity" : "swiftuikitnavigation",
      "kind" : "remoteSourceControl",
      "location" : "https://github.com/marekpridal/SwiftUIKitNavigation.git",
      "state" : {
        "branch" : "main",
        "revision" : "915a27c627421395725f8ce7e3579972c6794abd"
      }
    }
  ],
  "version" : 3
}
